
Microsoft Visual Studio Solution File, Format Version 12.00
# Visual Studio Version 18
VisualStudioVersion = 18.3.11520.95
MinimumVisualStudioVersion = 10.0.40219.1
Project("{FAE04EC0-301F-11D3-BF4B-00C04F79EFBC}") = "Bifrost.Core", "Bifrost.Core\Bifrost.Core.csproj", "{3A8FDB31-2729-9B0A-CCA9-CA340C7300BD}"
EndProject
Project("{FAE04EC0-301F-11D3-BF4B-00C04F79EFBC}") = "Bifrost.CLI", "Bifrost.CLI\Bifrost.CLI.csproj", "{0970A07B-4C39-8E30-0D43-1082864BDA95}"
EndProject
Project("{FAE04EC0-301F-11D3-BF4B-00C04F79EFBC}") = "Bifrost.GUI", "Bifrost.GUI\Bifrost.GUI.csproj", "{AEAEDEE1-D65B-5947-6F89-5C2309628446}"
EndProject
Project("{2150E333-8FDC-42A3-9474-1A3956D46DE8}") = "Solution Items", "Solution Items", "{8EC462FD-D22E-90A8-E5CE-7E832BA40C5D}"
	ProjectSection(SolutionItems) = preProject
		integrations\BifrostRunner.cs = integrations\BifrostRunner.cs
		README.md = README.md
		.github\workflows\release.yml = .github\workflows\release.yml
	EndProjectSection
EndProject
Project("{FAE04EC0-301F-11D3-BF4B-00C04F79EFBC}") = "Bifrost.Tests", "Bifrost.Tests\Bifrost.Tests.csproj", "{9424C948-E8F1-2CFB-2502-4A98D76C2AFE}"
EndProject
Global
	GlobalSection(SolutionConfigurationPlatforms) = preSolution
		Debug|Any CPU = Debug|Any CPU
		Release|Any CPU = Release|Any CPU
	EndGlobalSection
	GlobalSection(ProjectConfigurationPlatforms) = postSolution
		{3A8FDB31-2729-9B0A-CCA9-CA340C7300BD}.Debug|Any CPU.ActiveCfg = Debug|Any CPU
		{3A8FDB31-2729-9B0A-CCA9-CA340C7300BD}.Debug|Any CPU.Build.0 = Debug|Any CPU
		{3A8FDB31-2729-9B0A-CCA9-CA340C7300BD}.Release|Any CPU.ActiveCfg = Release|Any CPU
		{3A8FDB31-2729-9B0A-CCA9-CA340C7300BD}.Release|Any CPU.Build.0 = Release|Any CPU
		{0970A07B-4C39-8E30-0D43-1082864BDA95}.Debug|Any CPU.ActiveCfg = Debug|Any CPU
		{0970A07B-4C39-8E30-0D43-1082864BDA95}.Debug|Any CPU.Build.0 = Debug|Any CPU
		{0970A07B-4C39-8E30-0D43-1082864BDA95}.Release|Any CPU.ActiveCfg = Release|Any CPU
		{0970A07B-4C39-8E30-0D43-1082864BDA95}.Release|Any CPU.Build.0 = Release|Any CPU
		{AEAEDEE1-D65B-5947-6F89-5C2309628446}.Debug|Any CPU.ActiveCfg = Debug|Any CPU
		{AEAEDEE1-D65B-5947-6F89-5C2309628446}.Debug|Any CPU.Build.0 = Debug|Any CPU
		{AEAEDEE1-D65B-5947-6F89-5C2309628446}.Release|Any CPU.ActiveCfg = Release|Any CPU
		{AEAEDEE1-D65B-5947-6F89-5C2309628446}.Release|Any CPU.Build.0 = Release|Any CPU
		{9424C948-E8F1-2CFB-2502-4A98D76C2AFE}.Debug|Any CPU.ActiveCfg = Debug|Any CPU
		{9424C948-E8F1-2CFB-2502-4A98D76C2AFE}.Debug|Any CPU.Build.0 = Debug|Any CPU
		{9424C948-E8F1-2CFB-2502-4A98D76C2AFE}.Release|Any CPU.ActiveCfg = Release|Any CPU
		{9424C948-E8F1-2CFB-2502-4A98D76C2AFE}.Release|Any CPU.Build.0 = Release|Any CPU
	EndGlobalSection
	GlobalSection(SolutionProperties) = preSolution
		HideSolutionNode = FALSE
	EndGlobalSection
	GlobalSection(ExtensibilityGlobals) = postSolution
		SolutionGuid = {F20B201E-DF46-4BDC-BA6D-4CFA96BA0E83}
	EndGlobalSection
EndGlobal
